
Microsoft Visual Studio Solution File, Format Version 12.00
# Visual Studio 15
VisualStudioVersion = 15.0.26730.16
MinimumVisualStudioVersion = 10.0.40219.1
Project("{FAE04EC0-301F-11D3-BF4B-00C04F79EFBC}") = "TableIceball", "TableIceball.csproj", "{26F97CED-2FD9-0981-3926-6DD8F5BB382A}"
EndProject
Project("{FAE04EC0-301F-11D3-BF4B-00C04F79EFBC}") = "TableIceball.Editor", "TableIceball.Editor.csproj", "{9F1AE7BE-0A6A-13AB-9581-DD620FD5B9D0}"
EndProject
Global
	GlobalSection(SolutionConfigurationPlatforms) = preSolution
		Debug|Any CPU = Debug|Any CPU
		Release|Any CPU = Release|Any CPU
	EndGlobalSection
	GlobalSection(ProjectConfigurationPlatforms) = postSolution
		{26F97CED-2FD9-0981-3926-6DD8F5BB382A}.Debug|Any CPU.ActiveCfg = Debug|Any CPU
		{26F97CED-2FD9-0981-3926-6DD8F5BB382A}.Debug|Any CPU.Build.0 = Debug|Any CPU
		{26F97CED-2FD9-0981-3926-6DD8F5BB382A}.Release|Any CPU.ActiveCfg = Release|Any CPU
		{26F97CED-2FD9-0981-3926-6DD8F5BB382A}.Release|Any CPU.Build.0 = Release|Any CPU
		{9F1AE7BE-0A6A-13AB-9581-DD620FD5B9D0}.Debug|Any CPU.ActiveCfg = Debug|Any CPU
		{9F1AE7BE-0A6A-13AB-9581-DD620FD5B9D0}.Debug|Any CPU.Build.0 = Debug|Any CPU
		{9F1AE7BE-0A6A-13AB-9581-DD620FD5B9D0}.Release|Any CPU.ActiveCfg = Release|Any CPU
		{9F1AE7BE-0A6A-13AB-9581-DD620FD5B9D0}.Release|Any CPU.Build.0 = Release|Any CPU
	EndGlobalSection
	GlobalSection(SolutionProperties) = preSolution
		HideSolutionNode = FALSE
	EndGlobalSection
	GlobalSection(ExtensibilityGlobals) = postSolution
		SolutionGuid = {1DD0300D-144B-4E40-9483-24DECBBB35D7}
	EndGlobalSection
EndGlobal
